
Microsoft Visual Studio Solution File, Format Version 12.00
# Visual Studio Version 16
VisualStudioVersion = 16.0.31313.79
MinimumVisualStudioVersion = 10.0.40219.1
Project("{FAE04EC0-301F-11D3-BF4B-00C04F79EFBC}") = "OnlineCourseSystem", "OnlineCourseSystem\OnlineCourseSystem.csproj", "{265E0A62-D74D-478C-AB39-B4DABC50364F}"
EndProject
Global
	GlobalSection(SolutionConfigurationPlatforms) = preSolution
		Debug|Any CPU = Debug|Any CPU
		Release|Any CPU = Release|Any CPU
	EndGlobalSection
	GlobalSection(ProjectConfigurationPlatforms) = postSolution
		{265E0A62-D74D-478C-AB39-B4DABC50364F}.Debug|Any CPU.ActiveCfg = Debug|Any CPU
		{265E0A62-D74D-478C-AB39-B4DABC50364F}.Debug|Any CPU.Build.0 = Debug|Any CPU
		{265E0A62-D74D-478C-AB39-B4DABC50364F}.Release|Any CPU.ActiveCfg = Release|Any CPU
		{265E0A62-D74D-478C-AB39-B4DABC50364F}.Release|Any CPU.Build.0 = Release|Any CPU
	EndGlobalSection
	GlobalSection(SolutionProperties) = preSolution
		HideSolutionNode = FALSE
	EndGlobalSection
	GlobalSection(ExtensibilityGlobals) = postSolution
		SolutionGuid = {31F85A4B-ACAF-44FE-BDD6-B24FA42622F8}
	EndGlobalSection
EndGlobal
